
Microsoft Visual Studio Solution File, Format Version 12.00
# Visual Studio Version 17
VisualStudioVersion = 17.10.35013.160
MinimumVisualStudioVersion = 10.0.40219.1
Project("{FAE04EC0-301F-11D3-BF4B-00C04F79EFBC}") = "WinFormsApp_Calculator", "WinFormsApp_Calculator.csproj", "{692448A9-6BEF-43A9-A29E-FC0CD16A4694}"
EndProject
Global
	GlobalSection(SolutionConfigurationPlatforms) = preSolution
		Debug|Any CPU = Debug|Any CPU
		Release|Any CPU = Release|Any CPU
	EndGlobalSection
	GlobalSection(ProjectConfigurationPlatforms) = postSolution
		{692448A9-6BEF-43A9-A29E-FC0CD16A4694}.Debug|Any CPU.ActiveCfg = Debug|Any CPU
		{692448A9-6BEF-43A9-A29E-FC0CD16A4694}.Debug|Any CPU.Build.0 = Debug|Any CPU
		{692448A9-6BEF-43A9-A29E-FC0CD16A4694}.Release|Any CPU.ActiveCfg = Release|Any CPU
		{692448A9-6BEF-43A9-A29E-FC0CD16A4694}.Release|Any CPU.Build.0 = Release|Any CPU
	EndGlobalSection
	GlobalSection(SolutionProperties) = preSolution
		HideSolutionNode = FALSE
	EndGlobalSection
	GlobalSection(ExtensibilityGlobals) = postSolution
		SolutionGuid = {98F7D9E4-9CB6-41CA-809C-F76A459087B9}
	EndGlobalSection
EndGlobal
